
Microsoft Visual Studio Solution File, Format Version 12.00
# Visual Studio Version 16
VisualStudioVersion = 16.0.31624.102
MinimumVisualStudioVersion = 10.0.40219.1
Project("{FAE04EC0-301F-11D3-BF4B-00C04F79EFBC}") = "preliminarilyEvents", "preliminarilyEvents.csproj", "{BE5BBA68-904B-445C-8DDD-D530F8847E92}"
EndProject
Global
	GlobalSection(SolutionConfigurationPlatforms) = preSolution
		Debug|Any CPU = Debug|Any CPU
		Release|Any CPU = Release|Any CPU
	EndGlobalSection
	GlobalSection(ProjectConfigurationPlatforms) = postSolution
		{BE5BBA68-904B-445C-8DDD-D530F8847E92}.Debug|Any CPU.ActiveCfg = Debug|Any CPU
		{BE5BBA68-904B-445C-8DDD-D530F8847E92}.Debug|Any CPU.Build.0 = Debug|Any CPU
		{BE5BBA68-904B-445C-8DDD-D530F8847E92}.Release|Any CPU.ActiveCfg = Release|Any CPU
		{BE5BBA68-904B-445C-8DDD-D530F8847E92}.Release|Any CPU.Build.0 = Release|Any CPU
	EndGlobalSection
	GlobalSection(SolutionProperties) = preSolution
		HideSolutionNode = FALSE
	EndGlobalSection
	GlobalSection(ExtensibilityGlobals) = postSolution
		SolutionGuid = {15EE3423-2170-4798-A96B-A41126AB4010}
	EndGlobalSection
EndGlobal
